
Microsoft Visual Studio Solution File, Format Version 12.00
# Visual Studio Version 18
VisualStudioVersion = 18.0.11205.157
MinimumVisualStudioVersion = 10.0.40219.1
Project("{9A19103F-16F7-4668-BE54-9A1E7A4F7556}") = "NiVE3", "NiVE3\NiVE3.csproj", "{1E1E55E1-8C64-43CE-A204-6AA3DFC56B7B}"
	ProjectSection(ProjectDependencies) = postProject
		{42F664F2-ACDA-41A0-94E8-0541F9B8D356} = {42F664F2-ACDA-41A0-94E8-0541F9B8D356}
	EndProjectSection
EndProject
Project("{9A19103F-16F7-4668-BE54-9A1E7A4F7556}") = "NiVE3.Plugin", "NiVE3.Plugin\NiVE3.Plugin.csproj", "{1C78258D-22CA-4F83-98AC-7EDC0B93F0E6}"
EndProject
Project("{9A19103F-16F7-4668-BE54-9A1E7A4F7556}") = "NiVE3.Test", "NiVE3.Test\NiVE3.Test.csproj", "{7A8121F1-A393-4BA8-95FC-79EE21733697}"
EndProject
Project("{9A19103F-16F7-4668-BE54-9A1E7A4F7556}") = "NiVE3.PresetPlugin", "NiVE3.PresetPlugin\NiVE3.PresetPlugin.csproj", "{42F664F2-ACDA-41A0-94E8-0541F9B8D356}"
	ProjectSection(ProjectDependencies) = postProject
		{466B8ED7-B9BE-41AF-BD1E-2EA80CE9BDEC} = {466B8ED7-B9BE-41AF-BD1E-2EA80CE9BDEC}
	EndProjectSection
EndProject
Project("{9A19103F-16F7-4668-BE54-9A1E7A4F7556}") = "NiVE3.SourceGenerator.ResourceMarkupGenerator", "NiVE3.SourceGenerator.ResourceMarkupGenerator\NiVE3.SourceGenerator.ResourceMarkupGenerator.csproj", "{44737DDC-83B2-4D8C-93CB-28842963868D}"
EndProject
Project("{9A19103F-16F7-4668-BE54-9A1E7A4F7556}") = "NiVE3.SourceGenerator.ViewModelWireGenerator", "NiVE3.SourceGenerator.ViewModelWireGenerator\NiVE3.SourceGenerator.ViewModelWireGenerator.csproj", "{3F02DD23-221A-4C23-8966-80C36374D7DC}"
EndProject
Project("{9A19103F-16F7-4668-BE54-9A1E7A4F7556}") = "NiVE3.UI", "NiVE3.UI\NiVE3.UI.csproj", "{466B8ED7-B9BE-41AF-BD1E-2EA80CE9BDEC}"
EndProject
Project("{9A19103F-16F7-4668-BE54-9A1E7A4F7556}") = "NiVE3.Shared", "NiVE3.Shared\NiVE3.Shared.csproj", "{3844E4A6-4D9C-4B48-9D79-01D73BBC6066}"
EndProject
Project("{9A19103F-16F7-4668-BE54-9A1E7A4F7556}") = "NiVE3.Image", "NiVE3.Image\NiVE3.Image.csproj", "{B9730145-313D-4776-A144-382390AAF1A9}"
EndProject
Project("{9A19103F-16F7-4668-BE54-9A1E7A4F7556}") = "NiVE3.Numerics", "NiVE3.Numerics\NiVE3.Numerics.csproj", "{17704CD2-803E-4F65-8469-B31C2518D452}"
EndProject
Project("{9A19103F-16F7-4668-BE54-9A1E7A4F7556}") = "NiVE3.SourceGenerator.LanguageResourceGenerator", "NiVE3.SourceGenerator.LanguageResourceGenerator\NiVE3.SourceGenerator.LanguageResourceGenerator.csproj", "{C9A10F62-D427-4BF0-BC8A-15AB2B9E9508}"
EndProject
Project("{9A19103F-16F7-4668-BE54-9A1E7A4F7556}") = "SharpAvi", "SharpAvi\SharpAvi\SharpAvi.csproj", "{7FE0FEC3-688C-4779-8A05-B679222F4CD5}"
EndProject
Project("{9A19103F-16F7-4668-BE54-9A1E7A4F7556}") = "NiVE3.InternalShader", "NiVE3.InternalShader\NiVE3.InternalShader.csproj", "{BBDCAF4F-5DB5-4135-B574-55B380DD212C}"
EndProject
Project("{FAE04EC0-301F-11D3-BF4B-00C04F79EFBC}") = "NiVE3.Shape", "NiVE3.Shape\NiVE3.Shape.csproj", "{580D6A1B-668F-443A-88EE-5F4538F7763B}"
EndProject
Project("{FAE04EC0-301F-11D3-BF4B-00C04F79EFBC}") = "NiVE3.SourceGenerator.ReactivePropertyGenerator", "NiVE3.SourceGenerator.ReactivePropertyGenerator\NiVE3.SourceGenerator.ReactivePropertyGenerator.csproj", "{EF6A1D49-9E23-449E-8D6E-EE30C1FE42EF}"
EndProject
Global
	GlobalSection(SolutionConfigurationPlatforms) = preSolution
		Debug|Any CPU = Debug|Any CPU
		Release|Any CPU = Release|Any CPU
	EndGlobalSection
	GlobalSection(ProjectConfigurationPlatforms) = postSolution
		{1E1E55E1-8C64-43CE-A204-6AA3DFC56B7B}.Debug|Any CPU.ActiveCfg = Debug|Any CPU
		{1E1E55E1-8C64-43CE-A204-6AA3DFC56B7B}.Debug|Any CPU.Build.0 = Debug|Any CPU
		{1E1E55E1-8C64-43CE-A204-6AA3DFC56B7B}.Release|Any CPU.ActiveCfg = Release|Any CPU
		{1E1E55E1-8C64-43CE-A204-6AA3DFC56B7B}.Release|Any CPU.Build.0 = Release|Any CPU
		{1C78258D-22CA-4F83-98AC-7EDC0B93F0E6}.Debug|Any CPU.ActiveCfg = Debug|Any CPU
		{1C78258D-22CA-4F83-98AC-7EDC0B93F0E6}.Debug|Any CPU.Build.0 = Debug|Any CPU
		{1C78258D-22CA-4F83-98AC-7EDC0B93F0E6}.Release|Any CPU.ActiveCfg = Release|Any CPU
		{1C78258D-22CA-4F83-98AC-7EDC0B93F0E6}.Release|Any CPU.Build.0 = Release|Any CPU
		{7A8121F1-A393-4BA8-95FC-79EE21733697}.Debug|Any CPU.ActiveCfg = Debug|Any CPU
		{7A8121F1-A393-4BA8-95FC-79EE21733697}.Debug|Any CPU.Build.0 = Debug|Any CPU
		{7A8121F1-A393-4BA8-95FC-79EE21733697}.Release|Any CPU.ActiveCfg = Release|Any CPU
		{7A8121F1-A393-4BA8-95FC-79EE21733697}.Release|Any CPU.Build.0 = Release|Any CPU
		{42F664F2-ACDA-41A0-94E8-0541F9B8D356}.Debug|Any CPU.ActiveCfg = Debug|Any CPU
		{42F664F2-ACDA-41A0-94E8-0541F9B8D356}.Debug|Any CPU.Build.0 = Debug|Any CPU
		{42F664F2-ACDA-41A0-94E8-0541F9B8D356}.Release|Any CPU.ActiveCfg = Release|Any CPU
		{42F664F2-ACDA-41A0-94E8-0541F9B8D356}.Release|Any CPU.Build.0 = Release|Any CPU
		{44737DDC-83B2-4D8C-93CB-28842963868D}.Debug|Any CPU.ActiveCfg = Debug|Any CPU
		{44737DDC-83B2-4D8C-93CB-28842963868D}.Debug|Any CPU.Build.0 = Debug|Any CPU
		{44737DDC-83B2-4D8C-93CB-28842963868D}.Release|Any CPU.ActiveCfg = Release|Any CPU
		{44737DDC-83B2-4D8C-93CB-28842963868D}.Release|Any CPU.Build.0 = Release|Any CPU
		{3F02DD23-221A-4C23-8966-80C36374D7DC}.Debug|Any CPU.ActiveCfg = Debug|Any CPU
		{3F02DD23-221A-4C23-8966-80C36374D7DC}.Debug|Any CPU.Build.0 = Debug|Any CPU
		{3F02DD23-221A-4C23-8966-80C36374D7DC}.Release|Any CPU.ActiveCfg = Release|Any CPU
		{3F02DD23-221A-4C23-8966-80C36374D7DC}.Release|Any CPU.Build.0 = Release|Any CPU
		{466B8ED7-B9BE-41AF-BD1E-2EA80CE9BDEC}.Debug|Any CPU.ActiveCfg = Debug|Any CPU
		{466B8ED7-B9BE-41AF-BD1E-2EA80CE9BDEC}.Debug|Any CPU.Build.0 = Debug|Any CPU
		{466B8ED7-B9BE-41AF-BD1E-2EA80CE9BDEC}.Release|Any CPU.ActiveCfg = Release|Any CPU
		{466B8ED7-B9BE-41AF-BD1E-2EA80CE9BDEC}.Release|Any CPU.Build.0 = Release|Any CPU
		{3844E4A6-4D9C-4B48-9D79-01D73BBC6066}.Debug|Any CPU.ActiveCfg = Debug|Any CPU
		{3844E4A6-4D9C-4B48-9D79-01D73BBC6066}.Debug|Any CPU.Build.0 = Debug|Any CPU
		{3844E4A6-4D9C-4B48-9D79-01D73BBC6066}.Release|Any CPU.ActiveCfg = Release|Any CPU
		{3844E4A6-4D9C-4B48-9D79-01D73BBC6066}.Release|Any CPU.Build.0 = Release|Any CPU
		{B9730145-313D-4776-A144-382390AAF1A9}.Debug|Any CPU.ActiveCfg = Debug|Any CPU
		{B9730145-313D-4776-A144-382390AAF1A9}.Debug|Any CPU.Build.0 = Debug|Any CPU
		{B9730145-313D-4776-A144-382390AAF1A9}.Release|Any CPU.ActiveCfg = Release|Any CPU
		{B9730145-313D-4776-A144-382390AAF1A9}.Release|Any CPU.Build.0 = Release|Any CPU
		{17704CD2-803E-4F65-8469-B31C2518D452}.Debug|Any CPU.ActiveCfg = Debug|Any CPU
		{17704CD2-803E-4F65-8469-B31C2518D452}.Debug|Any CPU.Build.0 = Debug|Any CPU
		{17704CD2-803E-4F65-8469-B31C2518D452}.Release|Any CPU.ActiveCfg = Release|Any CPU
		{17704CD2-803E-4F65-8469-B31C2518D452}.Release|Any CPU.Build.0 = Release|Any CPU
		{C9A10F62-D427-4BF0-BC8A-15AB2B9E9508}.Debug|Any CPU.ActiveCfg = Debug|Any CPU
		{C9A10F62-D427-4BF0-BC8A-15AB2B9E9508}.Debug|Any CPU.Build.0 = Debug|Any CPU
		{C9A10F62-D427-4BF0-BC8A-15AB2B9E9508}.Release|Any CPU.ActiveCfg = Release|Any CPU
		{C9A10F62-D427-4BF0-BC8A-15AB2B9E9508}.Release|Any CPU.Build.0 = Release|Any CPU
		{7FE0FEC3-688C-4779-8A05-B679222F4CD5}.Debug|Any CPU.ActiveCfg = Debug|Any CPU
		{7FE0FEC3-688C-4779-8A05-B679222F4CD5}.Debug|Any CPU.Build.0 = Debug|Any CPU
		{7FE0FEC3-688C-4779-8A05-B679222F4CD5}.Release|Any CPU.ActiveCfg = Release|Any CPU
		{7FE0FEC3-688C-4779-8A05-B679222F4CD5}.Release|Any CPU.Build.0 = Release|Any CPU
		{BBDCAF4F-5DB5-4135-B574-55B380DD212C}.Debug|Any CPU.ActiveCfg = Debug|Any CPU
		{BBDCAF4F-5DB5-4135-B574-55B380DD212C}.Debug|Any CPU.Build.0 = Debug|Any CPU
		{BBDCAF4F-5DB5-4135-B574-55B380DD212C}.Release|Any CPU.ActiveCfg = Release|Any CPU
		{BBDCAF4F-5DB5-4135-B574-55B380DD212C}.Release|Any CPU.Build.0 = Release|Any CPU
		{580D6A1B-668F-443A-88EE-5F4538F7763B}.Debug|Any CPU.ActiveCfg = Debug|Any CPU
		{580D6A1B-668F-443A-88EE-5F4538F7763B}.Debug|Any CPU.Build.0 = Debug|Any CPU
		{580D6A1B-668F-443A-88EE-5F4538F7763B}.Release|Any CPU.ActiveCfg = Release|Any CPU
		{580D6A1B-668F-443A-88EE-5F4538F7763B}.Release|Any CPU.Build.0 = Release|Any CPU
		{EF6A1D49-9E23-449E-8D6E-EE30C1FE42EF}.Debug|Any CPU.ActiveCfg = Debug|Any CPU
		{EF6A1D49-9E23-449E-8D6E-EE30C1FE42EF}.Debug|Any CPU.Build.0 = Debug|Any CPU
		{EF6A1D49-9E23-449E-8D6E-EE30C1FE42EF}.Release|Any CPU.ActiveCfg = Release|Any CPU
		{EF6A1D49-9E23-449E-8D6E-EE30C1FE42EF}.Release|Any CPU.Build.0 = Release|Any CPU
	EndGlobalSection
	GlobalSection(SolutionProperties) = preSolution
		HideSolutionNode = FALSE
	EndGlobalSection
	GlobalSection(ExtensibilityGlobals) = postSolution
		SolutionGuid = {001B9CE4-F9A8-4EB2-B639-8EEFB2332FAD}
	EndGlobalSection
EndGlobal
